
Microsoft Visual Studio Solution File, Format Version 12.00
# Visual Studio 14
VisualStudioVersion = 14.0.25420.1
MinimumVisualStudioVersion = 10.0.40219.1
Project("{FAE04EC0-301F-11D3-BF4B-00C04F79EFBC}") = "AutoMoving_Star", "AutoMoving_Star\AutoMoving_Star.csproj", "{2BEA62C2-7B65-410C-9F82-A8FE5DD55ACC}"
EndProject
Project("{FAE04EC0-301F-11D3-BF4B-00C04F79EFBC}") = "AutoMoving_Star_NoFlicker", "AutoMoving_Star_Test\AutoMoving_Star_NoFlicker.csproj", "{72AC052A-042A-4715-B250-F8E35D8F0602}"
EndProject
Global
	GlobalSection(SolutionConfigurationPlatforms) = preSolution
		Debug|Any CPU = Debug|Any CPU
		Release|Any CPU = Release|Any CPU
	EndGlobalSection
	GlobalSection(ProjectConfigurationPlatforms) = postSolution
		{2BEA62C2-7B65-410C-9F82-A8FE5DD55ACC}.Debug|Any CPU.ActiveCfg = Debug|Any CPU
		{2BEA62C2-7B65-410C-9F82-A8FE5DD55ACC}.Debug|Any CPU.Build.0 = Debug|Any CPU
		{2BEA62C2-7B65-410C-9F82-A8FE5DD55ACC}.Release|Any CPU.ActiveCfg = Release|Any CPU
		{2BEA62C2-7B65-410C-9F82-A8FE5DD55ACC}.Release|Any CPU.Build.0 = Release|Any CPU
		{72AC052A-042A-4715-B250-F8E35D8F0602}.Debug|Any CPU.ActiveCfg = Debug|Any CPU
		{72AC052A-042A-4715-B250-F8E35D8F0602}.Debug|Any CPU.Build.0 = Debug|Any CPU
		{72AC052A-042A-4715-B250-F8E35D8F0602}.Release|Any CPU.ActiveCfg = Release|Any CPU
		{72AC052A-042A-4715-B250-F8E35D8F0602}.Release|Any CPU.Build.0 = Release|Any CPU
	EndGlobalSection
	GlobalSection(SolutionProperties) = preSolution
		HideSolutionNode = FALSE
	EndGlobalSection
EndGlobal
