
Microsoft Visual Studio Solution File, Format Version 12.00
# Visual Studio 14
VisualStudioVersion = 14.0.25420.1
MinimumVisualStudioVersion = 10.0.40219.1
Project("{FAE04EC0-301F-11D3-BF4B-00C04F79EFBC}") = "Ellipse", "Ellipse\Ellipse.csproj", "{624C1DD7-C148-4976-BB65-50075FEA913A}"
EndProject
Project("{FAE04EC0-301F-11D3-BF4B-00C04F79EFBC}") = "Ellips_parametr_01", "Ellips_parametr_01\Ellips_parametr_01.csproj", "{93014711-8AFD-438C-909A-9F47C8164DA8}"
EndProject
Project("{FAE04EC0-301F-11D3-BF4B-00C04F79EFBC}") = "Ellips_parametr_02", "Ellips_parametr_02\Ellips_parametr_02.csproj", "{546ED769-03AF-49DB-B437-D6B7A42764B4}"
EndProject
Project("{FAE04EC0-301F-11D3-BF4B-00C04F79EFBC}") = "Ellips_parametr_03", "Ellips_parametr_03\Ellips_parametr_03.csproj", "{EE8D352A-8E5D-466B-AAE0-519A7339BF86}"
EndProject
Project("{FAE04EC0-301F-11D3-BF4B-00C04F79EFBC}") = "Ellips_parametr_04", "Ellips_parametr_04\Ellips_parametr_04.csproj", "{8869DFE5-6941-487D-B523-35CEF316BBBA}"
EndProject
Project("{FAE04EC0-301F-11D3-BF4B-00C04F79EFBC}") = "Ellips_parametr_041", "Ellips_parametr_041\Ellips_parametr_041.csproj", "{947AB95C-034E-409B-9792-11A3F5F9E0A3}"
EndProject
Project("{FAE04EC0-301F-11D3-BF4B-00C04F79EFBC}") = "Ellips_parametr_042", "Ellips_parametr_042\Ellips_parametr_042.csproj", "{90FEDEC7-214A-4509-BE65-091FAF05E3B6}"
EndProject
Project("{FAE04EC0-301F-11D3-BF4B-00C04F79EFBC}") = "Ellips_parametr_043", "Ellips_parametr_043\Ellips_parametr_043.csproj", "{666C6BEA-5EBC-4067-9598-9EEF48412C04}"
EndProject
Global
	GlobalSection(SolutionConfigurationPlatforms) = preSolution
		Debug|Any CPU = Debug|Any CPU
		Release|Any CPU = Release|Any CPU
	EndGlobalSection
	GlobalSection(ProjectConfigurationPlatforms) = postSolution
		{624C1DD7-C148-4976-BB65-50075FEA913A}.Debug|Any CPU.ActiveCfg = Debug|Any CPU
		{624C1DD7-C148-4976-BB65-50075FEA913A}.Debug|Any CPU.Build.0 = Debug|Any CPU
		{624C1DD7-C148-4976-BB65-50075FEA913A}.Release|Any CPU.ActiveCfg = Release|Any CPU
		{624C1DD7-C148-4976-BB65-50075FEA913A}.Release|Any CPU.Build.0 = Release|Any CPU
		{93014711-8AFD-438C-909A-9F47C8164DA8}.Debug|Any CPU.ActiveCfg = Debug|Any CPU
		{93014711-8AFD-438C-909A-9F47C8164DA8}.Debug|Any CPU.Build.0 = Debug|Any CPU
		{93014711-8AFD-438C-909A-9F47C8164DA8}.Release|Any CPU.ActiveCfg = Release|Any CPU
		{93014711-8AFD-438C-909A-9F47C8164DA8}.Release|Any CPU.Build.0 = Release|Any CPU
		{546ED769-03AF-49DB-B437-D6B7A42764B4}.Debug|Any CPU.ActiveCfg = Debug|Any CPU
		{546ED769-03AF-49DB-B437-D6B7A42764B4}.Debug|Any CPU.Build.0 = Debug|Any CPU
		{546ED769-03AF-49DB-B437-D6B7A42764B4}.Release|Any CPU.ActiveCfg = Release|Any CPU
		{546ED769-03AF-49DB-B437-D6B7A42764B4}.Release|Any CPU.Build.0 = Release|Any CPU
		{EE8D352A-8E5D-466B-AAE0-519A7339BF86}.Debug|Any CPU.ActiveCfg = Debug|Any CPU
		{EE8D352A-8E5D-466B-AAE0-519A7339BF86}.Debug|Any CPU.Build.0 = Debug|Any CPU
		{EE8D352A-8E5D-466B-AAE0-519A7339BF86}.Release|Any CPU.ActiveCfg = Release|Any CPU
		{EE8D352A-8E5D-466B-AAE0-519A7339BF86}.Release|Any CPU.Build.0 = Release|Any CPU
		{8869DFE5-6941-487D-B523-35CEF316BBBA}.Debug|Any CPU.ActiveCfg = Debug|Any CPU
		{8869DFE5-6941-487D-B523-35CEF316BBBA}.Debug|Any CPU.Build.0 = Debug|Any CPU
		{8869DFE5-6941-487D-B523-35CEF316BBBA}.Release|Any CPU.ActiveCfg = Release|Any CPU
		{8869DFE5-6941-487D-B523-35CEF316BBBA}.Release|Any CPU.Build.0 = Release|Any CPU
		{947AB95C-034E-409B-9792-11A3F5F9E0A3}.Debug|Any CPU.ActiveCfg = Debug|Any CPU
		{947AB95C-034E-409B-9792-11A3F5F9E0A3}.Debug|Any CPU.Build.0 = Debug|Any CPU
		{947AB95C-034E-409B-9792-11A3F5F9E0A3}.Release|Any CPU.ActiveCfg = Release|Any CPU
		{947AB95C-034E-409B-9792-11A3F5F9E0A3}.Release|Any CPU.Build.0 = Release|Any CPU
		{90FEDEC7-214A-4509-BE65-091FAF05E3B6}.Debug|Any CPU.ActiveCfg = Debug|Any CPU
		{90FEDEC7-214A-4509-BE65-091FAF05E3B6}.Debug|Any CPU.Build.0 = Debug|Any CPU
		{90FEDEC7-214A-4509-BE65-091FAF05E3B6}.Release|Any CPU.ActiveCfg = Release|Any CPU
		{90FEDEC7-214A-4509-BE65-091FAF05E3B6}.Release|Any CPU.Build.0 = Release|Any CPU
		{666C6BEA-5EBC-4067-9598-9EEF48412C04}.Debug|Any CPU.ActiveCfg = Debug|Any CPU
		{666C6BEA-5EBC-4067-9598-9EEF48412C04}.Debug|Any CPU.Build.0 = Debug|Any CPU
		{666C6BEA-5EBC-4067-9598-9EEF48412C04}.Release|Any CPU.ActiveCfg = Release|Any CPU
		{666C6BEA-5EBC-4067-9598-9EEF48412C04}.Release|Any CPU.Build.0 = Release|Any CPU
	EndGlobalSection
	GlobalSection(SolutionProperties) = preSolution
		HideSolutionNode = FALSE
	EndGlobalSection
EndGlobal
